
Microsoft Visual Studio Solution File, Format Version 12.00
# Visual Studio Version 16
VisualStudioVersion = 16.0.31727.386
MinimumVisualStudioVersion = 10.0.40219.1
Project("{9A19103F-16F7-4668-BE54-9A1E7A4F7556}") = "1_DAL", "1_DAL\1_DAL.csproj", "{CAFF0575-4804-4D8E-B57F-0EA9784CE502}"
EndProject
Project("{9A19103F-16F7-4668-BE54-9A1E7A4F7556}") = "2_BUS", "2_BUS\2_BUS.csproj", "{8470BC26-B7A6-41AD-820C-352A5D2C8D66}"
EndProject
Project("{9A19103F-16F7-4668-BE54-9A1E7A4F7556}") = "3_GUI", "3_GUI\3_GUI.csproj", "{D2A8DD85-56A9-4F41-B805-B0DA80468F05}"
EndProject
Global
	GlobalSection(SolutionConfigurationPlatforms) = preSolution
		Debug|Any CPU = Debug|Any CPU
		Release|Any CPU = Release|Any CPU
	EndGlobalSection
	GlobalSection(ProjectConfigurationPlatforms) = postSolution
		{CAFF0575-4804-4D8E-B57F-0EA9784CE502}.Debug|Any CPU.ActiveCfg = Debug|Any CPU
		{CAFF0575-4804-4D8E-B57F-0EA9784CE502}.Debug|Any CPU.Build.0 = Debug|Any CPU
		{CAFF0575-4804-4D8E-B57F-0EA9784CE502}.Release|Any CPU.ActiveCfg = Release|Any CPU
		{CAFF0575-4804-4D8E-B57F-0EA9784CE502}.Release|Any CPU.Build.0 = Release|Any CPU
		{8470BC26-B7A6-41AD-820C-352A5D2C8D66}.Debug|Any CPU.ActiveCfg = Debug|Any CPU
		{8470BC26-B7A6-41AD-820C-352A5D2C8D66}.Debug|Any CPU.Build.0 = Debug|Any CPU
		{8470BC26-B7A6-41AD-820C-352A5D2C8D66}.Release|Any CPU.ActiveCfg = Release|Any CPU
		{8470BC26-B7A6-41AD-820C-352A5D2C8D66}.Release|Any CPU.Build.0 = Release|Any CPU
		{D2A8DD85-56A9-4F41-B805-B0DA80468F05}.Debug|Any CPU.ActiveCfg = Debug|Any CPU
		{D2A8DD85-56A9-4F41-B805-B0DA80468F05}.Debug|Any CPU.Build.0 = Debug|Any CPU
		{D2A8DD85-56A9-4F41-B805-B0DA80468F05}.Release|Any CPU.ActiveCfg = Release|Any CPU
		{D2A8DD85-56A9-4F41-B805-B0DA80468F05}.Release|Any CPU.Build.0 = Release|Any CPU
	EndGlobalSection
	GlobalSection(SolutionProperties) = preSolution
		HideSolutionNode = FALSE
	EndGlobalSection
	GlobalSection(ExtensibilityGlobals) = postSolution
		SolutionGuid = {AEC40634-2D9C-475E-8D39-C0D5C0CFD341}
	EndGlobalSection
EndGlobal
